# THIS IS AN AUTOGENERATED FILE. DO NOT EDIT THIS FILE DIRECTLY.
# yarn lockfile v1


"@vue/devtools-api@^7.7.7":
  version "7.7.9"
  resolved "https://registry.yarnpkg.com/@vue/devtools-api/-/devtools-api-7.7.9.tgz#999dbea50da6b00cf59a1336f11fdc2b43d9e063"
  integrity sha512-kIE8wvwlcZ6TJTbNeU2HQNtaxLx3a84aotTITUuL/4bzfPxzajGBOoqjMhwZJ8L9qFYDU/lAYMEEm11dnZOD6g==
  dependencies:
    "@vue/devtools-kit" "^7.7.9"

"@vue/devtools-kit@^7.7.9":
  version "7.7.9"
  resolved "https://registry.yarnpkg.com/@vue/devtools-kit/-/devtools-kit-7.7.9.tgz#bc218a815616e8987df7ab3e10fc1fb3b8706c58"
  integrity sha512-PyQ6odHSgiDVd4hnTP+aDk2X4gl2HmLDfiyEnn3/oV+ckFDuswRs4IbBT7vacMuGdwY/XemxBoh302ctbsptuA==
  dependencies:
    "@vue/devtools-shared" "^7.7.9"
    birpc "^2.3.0"
    hookable "^5.5.3"
    mitt "^3.0.1"
    perfect-debounce "^1.0.0"
    speakingurl "^14.0.1"
    superjson "^2.2.2"

"@vue/devtools-shared@^7.7.9":
  version "7.7.9"
  resolved "https://registry.yarnpkg.com/@vue/devtools-shared/-/devtools-shared-7.7.9.tgz#fa4c096b744927081a7dda5fcf05f34b1ae6ca14"
  integrity sha512-iWAb0v2WYf0QWmxCGy0seZNDPdO3Sp5+u78ORnyeonS6MT4PC7VPrryX2BpMJrwlDeaZ6BD4vP4XKjK0SZqaeA==
  dependencies:
    rfdc "^1.4.1"

birpc@^2.3.0:
  version "2.9.0"
  resolved "https://registry.yarnpkg.com/birpc/-/birpc-2.9.0.tgz#b59550897e4cd96a223e2a6c1475b572236ed145"
  integrity sha512-KrayHS5pBi69Xi9JmvoqrIgYGDkD6mcSe/i6YKi3w5kekCLzrX4+nawcXqrj2tIp50Kw/mT/s3p+GVK0A0sKxw==

copy-anything@^4:
  version "4.0.5"
  resolved "https://registry.yarnpkg.com/copy-anything/-/copy-anything-4.0.5.tgz#16cabafd1ea4bb327a540b750f2b4df522825aea"
  integrity sha512-7Vv6asjS4gMOuILabD3l739tsaxFQmC+a7pLZm02zyvs8p977bL3zEgq3yDk5rn9B0PbYgIv++jmHcuUab4RhA==
  dependencies:
    is-what "^5.2.0"

hookable@^5.5.3:
  version "5.5.3"
  resolved "https://registry.yarnpkg.com/hookable/-/hookable-5.5.3.tgz#6cfc358984a1ef991e2518cb9ed4a778bbd3215d"
  integrity sha512-Yc+BQe8SvoXH1643Qez1zqLRmbA5rCL+sSmk6TVos0LWVfNIB7PGncdlId77WzLGSIB5KaWgTaNTs2lNVEI6VQ==

is-what@^5.2.0:
  version "5.5.0"
  resolved "https://registry.yarnpkg.com/is-what/-/is-what-5.5.0.tgz#a3031815757cfe1f03fed990bf6355a2d3f628c4"
  integrity sha512-oG7cgbmg5kLYae2N5IVd3jm2s+vldjxJzK1pcu9LfpGuQ93MQSzo0okvRna+7y5ifrD+20FE8FvjusyGaz14fw==

mitt@^3.0.1:
  version "3.0.1"
  resolved "https://registry.yarnpkg.com/mitt/-/mitt-3.0.1.tgz#ea36cf0cc30403601ae074c8f77b7092cdab36d1"
  integrity sha512-vKivATfr97l2/QBCYAkXYDbrIWPM2IIKEl7YPhjCvKlG3kE2gm+uBo6nEXK3M5/Ffh/FLpKExzOQ3JJoJGFKBw==

perfect-debounce@^1.0.0:
  version "1.0.0"
  resolved "https://registry.yarnpkg.com/perfect-debounce/-/perfect-debounce-1.0.0.tgz#9c2e8bc30b169cc984a58b7d5b28049839591d2a"
  integrity sha512-xCy9V055GLEqoFaHoC1SoLIaLmWctgCUaBaWxDZ7/Zx4CTyX7cJQLJOok/orfjZAh9kEYpjJa4d0KcJmCbctZA==

pinia@^3.0.4:
  version "3.0.4"
  resolved "https://registry.yarnpkg.com/pinia/-/pinia-3.0.4.tgz#75dde12784a61e34c1fa6abcd13c1a1061c360c0"
  integrity sha512-l7pqLUFTI/+ESXn6k3nu30ZIzW5E2WZF/LaHJEpoq6ElcLD+wduZoB2kBN19du6K/4FDpPMazY2wJr+IndBtQw==
  dependencies:
    "@vue/devtools-api" "^7.7.7"

rfdc@^1.4.1:
  version "1.4.1"
  resolved "https://registry.yarnpkg.com/rfdc/-/rfdc-1.4.1.tgz#778f76c4fb731d93414e8f925fbecf64cce7f6ca"
  integrity sha512-q1b3N5QkRUWUl7iyylaaj3kOpIT0N2i9MqIEQXP73GVsN9cw3fdx8X63cEmWhJGi2PPCF23Ijp7ktmd39rawIA==

speakingurl@^14.0.1:
  version "14.0.1"
  resolved "https://registry.yarnpkg.com/speakingurl/-/speakingurl-14.0.1.tgz#f37ec8ddc4ab98e9600c1c9ec324a8c48d772a53"
  integrity sha512-1POYv7uv2gXoyGFpBCmpDVSNV74IfsWlDW216UPjbWufNf+bSU6GdbDsxdcxtfwb4xlI3yxzOTKClUosxARYrQ==

superjson@^2.2.2:
  version "2.2.6"
  resolved "https://registry.yarnpkg.com/superjson/-/superjson-2.2.6.tgz#a223a3a988172a5f9656e2063fe5f733af40d099"
  integrity sha512-H+ue8Zo4vJmV2nRjpx86P35lzwDT3nItnIsocgumgr0hHMQ+ZGq5vrERg9kJBo5AWGmxZDhzDo+WVIJqkB0cGA==
  dependencies:
    copy-anything "^4"
